
Microsoft Visual Studio Solution File, Format Version 12.00
# Visual Studio Version 17
VisualStudioVersion = 17.14.36616.10 d17.14
MinimumVisualStudioVersion = 10.0.40219.1
Project("{FAE04EC0-301F-11D3-BF4B-00C04F79EFBC}") = "masterpage", "masterpage\masterpage.csproj", "{4AEA020A-DC4D-4D37-AF81-770C1BCC567F}"
EndProject
Global
	GlobalSection(SolutionConfigurationPlatforms) = preSolution
		Debug|Any CPU = Debug|Any CPU
		Release|Any CPU = Release|Any CPU
	EndGlobalSection
	GlobalSection(ProjectConfigurationPlatforms) = postSolution
		{4AEA020A-DC4D-4D37-AF81-770C1BCC567F}.Debug|Any CPU.ActiveCfg = Debug|Any CPU
		{4AEA020A-DC4D-4D37-AF81-770C1BCC567F}.Debug|Any CPU.Build.0 = Debug|Any CPU
		{4AEA020A-DC4D-4D37-AF81-770C1BCC567F}.Release|Any CPU.ActiveCfg = Release|Any CPU
		{4AEA020A-DC4D-4D37-AF81-770C1BCC567F}.Release|Any CPU.Build.0 = Release|Any CPU
	EndGlobalSection
	GlobalSection(SolutionProperties) = preSolution
		HideSolutionNode = FALSE
	EndGlobalSection
	GlobalSection(ExtensibilityGlobals) = postSolution
		SolutionGuid = {C0E202EC-5CA8-43B5-B7F5-4A1C920514B0}
	EndGlobalSection
EndGlobal
